
Microsoft Visual Studio Solution File, Format Version 12.00
# Visual Studio Version 16
VisualStudioVersion = 16.0.30804.86
MinimumVisualStudioVersion = 10.0.40219.1
Project("{9A19103F-16F7-4668-BE54-9A1E7A4F7556}") = "Tekken-7-Player-Displayer", "Tekken-7-Player-Displayer\Tekken-7-Player-Displayer.csproj", "{0CF070EE-4C0E-443A-8534-D44644E92640}"
EndProject
Global
	GlobalSection(SolutionConfigurationPlatforms) = preSolution
		Debug|Any CPU = Debug|Any CPU
		Debug|x64 = Debug|x64
		Release|Any CPU = Release|Any CPU
		Release|x64 = Release|x64
	EndGlobalSection
	GlobalSection(ProjectConfigurationPlatforms) = postSolution
		{0CF070EE-4C0E-443A-8534-D44644E92640}.Debug|Any CPU.ActiveCfg = Debug|Any CPU
		{0CF070EE-4C0E-443A-8534-D44644E92640}.Debug|Any CPU.Build.0 = Debug|Any CPU
		{0CF070EE-4C0E-443A-8534-D44644E92640}.Debug|x64.ActiveCfg = Debug|x64
		{0CF070EE-4C0E-443A-8534-D44644E92640}.Debug|x64.Build.0 = Debug|x64
		{0CF070EE-4C0E-443A-8534-D44644E92640}.Release|Any CPU.ActiveCfg = Release|Any CPU
		{0CF070EE-4C0E-443A-8534-D44644E92640}.Release|Any CPU.Build.0 = Release|Any CPU
		{0CF070EE-4C0E-443A-8534-D44644E92640}.Release|x64.ActiveCfg = Release|x64
		{0CF070EE-4C0E-443A-8534-D44644E92640}.Release|x64.Build.0 = Release|x64
	EndGlobalSection
	GlobalSection(SolutionProperties) = preSolution
		HideSolutionNode = FALSE
	EndGlobalSection
	GlobalSection(ExtensibilityGlobals) = postSolution
		SolutionGuid = {BA3BEE88-AA7E-4225-A065-8B606E12DC08}
	EndGlobalSection
EndGlobal
